
Microsoft Visual Studio Solution File, Format Version 12.00
# Visual Studio Version 16
VisualStudioVersion = 16.0.30804.86
MinimumVisualStudioVersion = 10.0.40219.1
Project("{FAE04EC0-301F-11D3-BF4B-00C04F79EFBC}") = "BorcDefteriApi", "BorcDefteriApi\BorcDefteriApi.csproj", "{9CF60983-14CD-45D5-B792-1C7D8B393766}"
EndProject
Global
	GlobalSection(SolutionConfigurationPlatforms) = preSolution
		Debug|Any CPU = Debug|Any CPU
		Release|Any CPU = Release|Any CPU
	EndGlobalSection
	GlobalSection(ProjectConfigurationPlatforms) = postSolution
		{9CF60983-14CD-45D5-B792-1C7D8B393766}.Debug|Any CPU.ActiveCfg = Debug|Any CPU
		{9CF60983-14CD-45D5-B792-1C7D8B393766}.Debug|Any CPU.Build.0 = Debug|Any CPU
		{9CF60983-14CD-45D5-B792-1C7D8B393766}.Release|Any CPU.ActiveCfg = Release|Any CPU
		{9CF60983-14CD-45D5-B792-1C7D8B393766}.Release|Any CPU.Build.0 = Release|Any CPU
	EndGlobalSection
	GlobalSection(SolutionProperties) = preSolution
		HideSolutionNode = FALSE
	EndGlobalSection
	GlobalSection(ExtensibilityGlobals) = postSolution
		SolutionGuid = {00E843E7-F112-4120-9229-2B73C490D031}
	EndGlobalSection
EndGlobal
